
Microsoft Visual Studio Solution File, Format Version 12.00
# Visual Studio Version 16
VisualStudioVersion = 16.0.29709.97
MinimumVisualStudioVersion = 10.0.40219.1
Project("{FAE04EC0-301F-11D3-BF4B-00C04F79EFBC}") = "Generator_Ierarhi", "Generator_Ierarhi\Generator_Ierarhi.csproj", "{7D3631E9-85E8-45D7-83C2-40B17246D474}"
EndProject
Global
	GlobalSection(SolutionConfigurationPlatforms) = preSolution
		Debug|Any CPU = Debug|Any CPU
		Release|Any CPU = Release|Any CPU
	EndGlobalSection
	GlobalSection(ProjectConfigurationPlatforms) = postSolution
		{7D3631E9-85E8-45D7-83C2-40B17246D474}.Debug|Any CPU.ActiveCfg = Debug|Any CPU
		{7D3631E9-85E8-45D7-83C2-40B17246D474}.Debug|Any CPU.Build.0 = Debug|Any CPU
		{7D3631E9-85E8-45D7-83C2-40B17246D474}.Release|Any CPU.ActiveCfg = Release|Any CPU
		{7D3631E9-85E8-45D7-83C2-40B17246D474}.Release|Any CPU.Build.0 = Release|Any CPU
	EndGlobalSection
	GlobalSection(SolutionProperties) = preSolution
		HideSolutionNode = FALSE
	EndGlobalSection
	GlobalSection(ExtensibilityGlobals) = postSolution
		SolutionGuid = {C3407CD2-8428-4AF7-85FC-78A960036C80}
	EndGlobalSection
EndGlobal
